
Microsoft Visual Studio Solution File, Format Version 12.00
# Visual Studio 15
VisualStudioVersion = 15.0.28307.852
MinimumVisualStudioVersion = 10.0.40219.1
Project("{8BC9CEB8-8B4A-11D0-8D11-00A0C91BC942}") = "hw", "hw\hw.vcxproj", "{6113A0E1-C054-4F15-B377-597BAFAA9735}"
EndProject
Global
	GlobalSection(SolutionConfigurationPlatforms) = preSolution
		Debug|x64 = Debug|x64
		Debug|x86 = Debug|x86
		Release|x64 = Release|x64
		Release|x86 = Release|x86
	EndGlobalSection
	GlobalSection(ProjectConfigurationPlatforms) = postSolution
		{6113A0E1-C054-4F15-B377-597BAFAA9735}.Debug|x64.ActiveCfg = Debug|x64
		{6113A0E1-C054-4F15-B377-597BAFAA9735}.Debug|x64.Build.0 = Debug|x64
		{6113A0E1-C054-4F15-B377-597BAFAA9735}.Debug|x86.ActiveCfg = Debug|Win32
		{6113A0E1-C054-4F15-B377-597BAFAA9735}.Debug|x86.Build.0 = Debug|Win32
		{6113A0E1-C054-4F15-B377-597BAFAA9735}.Release|x64.ActiveCfg = Release|x64
		{6113A0E1-C054-4F15-B377-597BAFAA9735}.Release|x64.Build.0 = Release|x64
		{6113A0E1-C054-4F15-B377-597BAFAA9735}.Release|x86.ActiveCfg = Release|Win32
		{6113A0E1-C054-4F15-B377-597BAFAA9735}.Release|x86.Build.0 = Release|Win32
	EndGlobalSection
	GlobalSection(SolutionProperties) = preSolution
		HideSolutionNode = FALSE
	EndGlobalSection
	GlobalSection(ExtensibilityGlobals) = postSolution
		SolutionGuid = {9252F751-DA52-4758-84DB-9BAAC62273B7}
	EndGlobalSection
EndGlobal
